
Microsoft Visual Studio Solution File, Format Version 12.00
# Visual Studio Version 17
VisualStudioVersion = 17.8.34322.80
MinimumVisualStudioVersion = 10.0.40219.1
Project("{8BC9CEB8-8B4A-11D0-8D11-00A0C91BC942}") = "QtqqServer", "QtqqServer.vcxproj", "{9C8778AF-2DBE-4DA6-9876-4144AE022CD4}"
EndProject
Global
	GlobalSection(SolutionConfigurationPlatforms) = preSolution
		Debug|x64 = Debug|x64
		Release|x64 = Release|x64
	EndGlobalSection
	GlobalSection(ProjectConfigurationPlatforms) = postSolution
		{9C8778AF-2DBE-4DA6-9876-4144AE022CD4}.Debug|x64.ActiveCfg = Debug|x64
		{9C8778AF-2DBE-4DA6-9876-4144AE022CD4}.Debug|x64.Build.0 = Debug|x64
		{9C8778AF-2DBE-4DA6-9876-4144AE022CD4}.Release|x64.ActiveCfg = Release|x64
		{9C8778AF-2DBE-4DA6-9876-4144AE022CD4}.Release|x64.Build.0 = Release|x64
	EndGlobalSection
	GlobalSection(SolutionProperties) = preSolution
		HideSolutionNode = FALSE
	EndGlobalSection
	GlobalSection(ExtensibilityGlobals) = postSolution
		SolutionGuid = {4D713FAF-0604-45B4-B87C-EB27A71B6E11}
	EndGlobalSection
EndGlobal
